
Microsoft Visual Studio Solution File, Format Version 12.00
# Visual Studio Version 17
VisualStudioVersion = 17.4.33122.133
MinimumVisualStudioVersion = 10.0.40219.1
Project("{FAE04EC0-301F-11D3-BF4B-00C04F79EFBC}") = "Core", "Core\Core.csproj", "{5E482AD7-FF68-47DE-891D-E4B38A8AA078}"
EndProject
Project("{FAE04EC0-301F-11D3-BF4B-00C04F79EFBC}") = "Data", "Data\Data.csproj", "{9D16184C-6F4E-4094-9AF5-0E2C08EF303B}"
EndProject
Project("{FAE04EC0-301F-11D3-BF4B-00C04F79EFBC}") = "Presentation", "Presentation\Presentation.csproj", "{8742F66F-929E-4ED8-AE37-3AA37B867F21}"
EndProject
Global
	GlobalSection(SolutionConfigurationPlatforms) = preSolution
		Debug|Any CPU = Debug|Any CPU
		Release|Any CPU = Release|Any CPU
	EndGlobalSection
	GlobalSection(ProjectConfigurationPlatforms) = postSolution
		{5E482AD7-FF68-47DE-891D-E4B38A8AA078}.Debug|Any CPU.ActiveCfg = Debug|Any CPU
		{5E482AD7-FF68-47DE-891D-E4B38A8AA078}.Debug|Any CPU.Build.0 = Debug|Any CPU
		{5E482AD7-FF68-47DE-891D-E4B38A8AA078}.Release|Any CPU.ActiveCfg = Release|Any CPU
		{5E482AD7-FF68-47DE-891D-E4B38A8AA078}.Release|Any CPU.Build.0 = Release|Any CPU
		{9D16184C-6F4E-4094-9AF5-0E2C08EF303B}.Debug|Any CPU.ActiveCfg = Debug|Any CPU
		{9D16184C-6F4E-4094-9AF5-0E2C08EF303B}.Debug|Any CPU.Build.0 = Debug|Any CPU
		{9D16184C-6F4E-4094-9AF5-0E2C08EF303B}.Release|Any CPU.ActiveCfg = Release|Any CPU
		{9D16184C-6F4E-4094-9AF5-0E2C08EF303B}.Release|Any CPU.Build.0 = Release|Any CPU
		{8742F66F-929E-4ED8-AE37-3AA37B867F21}.Debug|Any CPU.ActiveCfg = Debug|Any CPU
		{8742F66F-929E-4ED8-AE37-3AA37B867F21}.Debug|Any CPU.Build.0 = Debug|Any CPU
		{8742F66F-929E-4ED8-AE37-3AA37B867F21}.Release|Any CPU.ActiveCfg = Release|Any CPU
		{8742F66F-929E-4ED8-AE37-3AA37B867F21}.Release|Any CPU.Build.0 = Release|Any CPU
	EndGlobalSection
	GlobalSection(SolutionProperties) = preSolution
		HideSolutionNode = FALSE
	EndGlobalSection
	GlobalSection(ExtensibilityGlobals) = postSolution
		SolutionGuid = {34E45681-E76F-45C5-8309-20C9F8653CF3}
	EndGlobalSection
EndGlobal
